// !$*UTF8*$!
{
	archiveVersion = 1;
	classes = {
	};
	objectVersion = 46;
	objects = {

/* Begin PBXBuildFile section */
		04633D491BC7103C003B4810 /* main.m in Sources */ = {isa = PBXBuildFile; fileRef = 04633D481BC7103C003B4810 /* main.m */; };
		04633D4C1BC7103C003B4810 /* AppDelegate.m in Sources */ = {isa = PBXBuildFile; fileRef = 04633D4B1BC7103C003B4810 /* AppDelegate.m */; };
		04633D521BC7103C003B4810 /* Main.storyboard in Resources */ = {isa = PBXBuildFile; fileRef = 04633D501BC7103C003B4810 /* Main.storyboard */; };
		04633D541BC7103C003B4810 /* Assets.xcassets in Resources */ = {isa = PBXBuildFile; fileRef = 04633D531BC7103C003B4810 /* Assets.xcassets */; };
		04633D571BC7103C003B4810 /* LaunchScreen.storyboard in Resources */ = {isa = PBXBuildFile; fileRef = 04633D551BC7103C003B4810 /* LaunchScreen.storyboard */; };
		04633D621BC7103C003B4810 /* FarkleWeekendProjectTests.m in Sources */ = {isa = PBXBuildFile; fileRef = 04633D611BC7103C003B4810 /* FarkleWeekendProjectTests.m */; };
		04633D6D1BC7103C003B4810 /* FarkleWeekendProjectUITests.m in Sources */ = {isa = PBXBuildFile; fileRef = 04633D6C1BC7103C003B4810 /* FarkleWeekendProjectUITests.m */; };
		04633D7C1BC710D5003B4810 /* GameViewController.m in Sources */ = {isa = PBXBuildFile; fileRef = 04633D7B1BC710D5003B4810 /* GameViewController.m */; settings = {ASSET_TAGS = (); }; };
		04633D821BC73AC7003B4810 /* Button.m in Sources */ = {isa = PBXBuildFile; fileRef = 04633D811BC73AC7003B4810 /* Button.m */; settings = {ASSET_TAGS = (); }; };
		046B9FE21BC89EA4009B21E5 /* GameModel.m in Sources */ = {isa = PBXBuildFile; fileRef = 046B9FE11BC89EA4009B21E5 /* GameModel.m */; settings = {ASSET_TAGS = (); }; };
		046B9FE51BC9A6A4009B21E5 /* Player.m in Sources */ = {isa = PBXBuildFile; fileRef = 046B9FE41BC9A6A4009B21E5 /* Player.m */; settings = {ASSET_TAGS = (); }; };
		046B9FE81BCB11E5009B21E5 /* MainMenuViewController.m in Sources */ = {isa = PBXBuildFile; fileRef = 046B9FE71BCB11E5009B21E5 /* MainMenuViewController.m */; settings = {ASSET_TAGS = (); }; };
/* End PBXBuildFile section */

/* Begin PBXContainerItemProxy section */
		04633D5E1BC7103C003B4810 /* PBXContainerItemProxy */ = {
			isa = PBXContainerItemProxy;
			containerPortal = 04633D3C1BC7103C003B4810 /* Project object */;
			proxyType = 1;
			remoteGlobalIDString = 04633D431BC7103C003B4810;
			remoteInfo = FarkleWeekendProject;
		};
		04633D691BC7103C003B4810 /* PBXContainerItemProxy */ = {
			isa = PBXContainerItemProxy;
			containerPortal = 04633D3C1BC7103C003B4810 /* Project object */;
			proxyType = 1;
			remoteGlobalIDString = 04633D431BC7103C003B4810;
			remoteInfo = FarkleWeekendProject;
		};
/* End PBXContainerItemProxy section */

/* Begin PBXFileReference section */
		04633D441BC7103C003B4810 /* FarkleWeekendProject.app */ = {isa = PBXFileReference; explicitFileType = wrapper.application; includeInIndex = 0; path = FarkleWeekendProject.app; sourceTree = BUILT_PRODUCTS_DIR; };
		04633D481BC7103C003B4810 /* main.m */ = {isa = PBXFileReference; lastKnownFileType = sourcecode.c.objc; path = main.m; sourceTree = "<group>"; };
		04633D4A1BC7103C003B4810 /* AppDelegate.h */ = {isa = PBXFileReference; lastKnownFileType = sourcecode.c.h; path = AppDelegate.h; sourceTree = "<group>"; };
		04633D4B1BC7103C003B4810 /* AppDelegate.m */ = {isa = PBXFileReference; lastKnownFileType = sourcecode.c.objc; path = AppDelegate.m; sourceTree = "<group>"; };
		04633D511BC7103C003B4810 /* Base */ = {isa = PBXFileReference; lastKnownFileType = file.storyboard; name = Base; path = Base.lproj/Main.storyboard; sourceTree = "<group>"; };
		04633D531BC7103C003B4810 /* Assets.xcassets */ = {isa = PBXFileReference; lastKnownFileType = folder.assetcatalog; path = Assets.xcassets; sourceTree = "<group>"; };
		04633D561BC7103C003B4810 /* Base */ = {isa = PBXFileReference; lastKnownFileType = file.storyboard; name = Base; path = Base.lproj/LaunchScreen.storyboard; sourceTree = "<group>"; };
		04633D581BC7103C003B4810 /* Info.plist */ = {isa = PBXFileReference; lastKnownFileType = text.plist.xml; path = Info.plist; sourceTree = "<group>"; };
		04633D5D1BC7103C003B4810 /* FarkleWeekendProjectTests.xctest */ = {isa = PBXFileReference; explicitFileType = wrapper.cfbundle; includeInIndex = 0; path = FarkleWeekendProjectTests.xctest; sourceTree = BUILT_PRODUCTS_DIR; };
		04633D611BC7103C003B4810 /* FarkleWeekendProjectTests.m */ = {isa = PBXFileReference; lastKnownFileType = sourcecode.c.objc; path = FarkleWeekendProjectTests.m; sourceTree = "<group>"; };
		04633D631BC7103C003B4810 /* Info.plist */ = {isa = PBXFileReference; lastKnownFileType = text.plist.xml; path = Info.plist; sourceTree = "<group>"; };
		04633D681BC7103C003B4810 /* FarkleWeekendProjectUITests.xctest */ = {isa = PBXFileReference; explicitFileType = wrapper.cfbundle; includeInIndex = 0; path = FarkleWeekendProjectUITests.xctest; sourceTree = BUILT_PRODUCTS_DIR; };
		04633D6C1BC7103C003B4810 /* FarkleWeekendProjectUITests.m */ = {isa = PBXFileReference; lastKnownFileType = sourcecode.c.objc; path = FarkleWeekendProjectUITests.m; sourceTree = "<group>"; };
		04633D6E1BC7103C003B4810 /* Info.plist */ = {isa = PBXFileReference; lastKnownFileType = text.plist.xml; path = Info.plist; sourceTree = "<group>"; };
		04633D7A1BC710D5003B4810 /* GameViewController.h */ = {isa = PBXFileReference; fileEncoding = 4; lastKnownFileType = sourcecode.c.h; name = GameViewController.h; path = ../GameViewController.h; sourceTree = "<group>"; };
		04633D7B1BC710D5003B4810 /* GameViewController.m */ = {isa = PBXFileReference; fileEncoding = 4; lastKnownFileType = sourcecode.c.objc; name = GameViewController.m; path = ../GameViewController.m; sourceTree = "<group>"; };
		04633D801BC73AC7003B4810 /* Button.h */ = {isa = PBXFileReference; fileEncoding = 4; lastKnownFileType = sourcecode.c.h; name = Button.h; path = ../Button.h; sourceTree = "<group>"; };
		04633D811BC73AC7003B4810 /* Button.m */ = {isa = PBXFileReference; fileEncoding = 4; lastKnownFileType = sourcecode.c.objc; name = Button.m; path = ../Button.m; sourceTree = "<group>"; };
		046B9FE01BC89EA4009B21E5 /* GameModel.h */ = {isa = PBXFileReference; fileEncoding = 4; lastKnownFileType = sourcecode.c.h; path = GameModel.h; sourceTree = "<group>"; };
		046B9FE11BC89EA4009B21E5 /* GameModel.m */ = {isa = PBXFileReference; fileEncoding = 4; lastKnownFileType = sourcecode.c.objc; path = GameModel.m; sourceTree = "<group>"; };
		046B9FE31BC9A6A4009B21E5 /* Player.h */ = {isa = PBXFileReference; fileEncoding = 4; lastKnownFileType = sourcecode.c.h; path = Player.h; sourceTree = "<group>"; };
		046B9FE41BC9A6A4009B21E5 /* Player.m */ = {isa = PBXFileReference; fileEncoding = 4; lastKnownFileType = sourcecode.c.objc; path = Player.m; sourceTree = "<group>"; };
		046B9FE61BCB11E5009B21E5 /* MainMenuViewController.h */ = {isa = PBXFileReference; fileEncoding = 4; lastKnownFileType = sourcecode.c.h; path = MainMenuViewController.h; sourceTree = "<group>"; };
		046B9FE71BCB11E5009B21E5 /* MainMenuViewController.m */ = {isa = PBXFileReference; fileEncoding = 4; lastKnownFileType = sourcecode.c.objc; path = MainMenuViewController.m; sourceTree = "<group>"; };
/* End PBXFileReference section */

/* Begin PBXFrameworksBuildPhase section */
		04633D411BC7103C003B4810 /* Frameworks */ = {
			isa = PBXFrameworksBuildPhase;
			buildActionMask = 2147483647;
			files = (
			);
			runOnlyForDeploymentPostprocessing = 0;
		};
		04633D5A1BC7103C003B4810 /* Frameworks */ = {
			isa = PBXFrameworksBuildPhase;
			buildActionMask = 2147483647;
			files = (
			);
			runOnlyForDeploymentPostprocessing = 0;
		};
		04633D651BC7103C003B4810 /* Frameworks */ = {
			isa = PBXFrameworksBuildPhase;
			buildActionMask = 2147483647;
			files = (
			);
			runOnlyForDeploymentPostprocessing = 0;
		};
/* End PBXFrameworksBuildPhase section */

/* Begin PBXGroup section */
		04633D3B1BC7103C003B4810 = {
			isa = PBXGroup;
			children = (
				04633D461BC7103C003B4810 /* FarkleWeekendProject */,
				04633D601BC7103C003B4810 /* FarkleWeekendProjectTests */,
				04633D6B1BC7103C003B4810 /* FarkleWeekendProjectUITests */,
				04633D451BC7103C003B4810 /* Products */,
			);
			sourceTree = "<group>";
		};
		04633D451BC7103C003B4810 /* Products */ = {
			isa = PBXGroup;
			children = (
				04633D441BC7103C003B4810 /* FarkleWeekendProject.app */,
				04633D5D1BC7103C003B4810 /* FarkleWeekendProjectTests.xctest */,
				04633D681BC7103C003B4810 /* FarkleWeekendProjectUITests.xctest */,
			);
			name = Products;
			sourceTree = "<group>";
		};
		04633D461BC7103C003B4810 /* FarkleWeekendProject */ = {
			isa = PBXGroup;
			children = (
				04633D7A1BC710D5003B4810 /* GameViewController.h */,
				04633D7B1BC710D5003B4810 /* GameViewController.m */,
				046B9FE31BC9A6A4009B21E5 /* Player.h */,
				046B9FE41BC9A6A4009B21E5 /* Player.m */,
				046B9FE01BC89EA4009B21E5 /* GameModel.h */,
				046B9FE11BC89EA4009B21E5 /* GameModel.m */,
				04633D4A1BC7103C003B4810 /* AppDelegate.h */,
				04633D4B1BC7103C003B4810 /* AppDelegate.m */,
				04633D501BC7103C003B4810 /* Main.storyboard */,
				046B9FE61BCB11E5009B21E5 /* MainMenuViewController.h */,
				046B9FE71BCB11E5009B21E5 /* MainMenuViewController.m */,
				04633D531BC7103C003B4810 /* Assets.xcassets */,
				04633D551BC7103C003B4810 /* LaunchScreen.storyboard */,
				04633D581BC7103C003B4810 /* Info.plist */,
				04633D801BC73AC7003B4810 /* Button.h */,
				04633D811BC73AC7003B4810 /* Button.m */,
				04633D471BC7103C003B4810 /* Supporting Files */,
			);
			path = FarkleWeekendProject;
			sourceTree = "<group>";
		};
		04633D471BC7103C003B4810 /* Supporting Files */ = {
			isa = PBXGroup;
			children = (
				04633D481BC7103C003B4810 /* main.m */,
			);
			name = "Supporting Files";
			sourceTree = "<group>";
		};
		04633D601BC7103C003B4810 /* FarkleWeekendProjectTests */ = {
			isa = PBXGroup;
			children = (
				04633D611BC7103C003B4810 /* FarkleWeekendProjectTests.m */,
				04633D631BC7103C003B4810 /* Info.plist */,
			);
			path = FarkleWeekendProjectTests;
			sourceTree = "<group>";
		};
		04633D6B1BC7103C003B4810 /* FarkleWeekendProjectUITests */ = {
			isa = PBXGroup;
			children = (
				04633D6C1BC7103C003B4810 /* FarkleWeekendProjectUITests.m */,
				04633D6E1BC7103C003B4810 /* Info.plist */,
			);
			path = FarkleWeekendProjectUITests;
			sourceTree = "<group>";
		};
/* End PBXGroup section */

/* Begin PBXNativeTarget section */
		04633D431BC7103C003B4810 /* FarkleWeekendProject */ = {
			isa = PBXNativeTarget;
			buildConfigurationList = 04633D711BC7103C003B4810 /* Build configuration list for PBXNativeTarget "FarkleWeekendProject" */;
			buildPhases = (
				04633D401BC7103C003B4810 /* Sources */,
				04633D411BC7103C003B4810 /* Frameworks */,
				04633D421BC7103C003B4810 /* Resources */,
			);
			buildRules = (
			);
			dependencies = (
			);
			name = FarkleWeekendProject;
			productName = FarkleWeekendProject;
			productReference = 04633D441BC7103C003B4810 /* FarkleWeekendProject.app */;
			productType = "com.apple.product-type.application";
		};
		04633D5C1BC7103C003B4810 /* FarkleWeekendProjectTests */ = {
			isa = PBXNativeTarget;
			buildConfigurationList = 04633D741BC7103C003B4810 /* Build configuration list for PBXNativeTarget "FarkleWeekendProjectTests" */;
			buildPhases = (
				04633D591BC7103C003B4810 /* Sources */,
				04633D5A1BC7103C003B4810 /* Frameworks */,
				04633D5B1BC7103C003B4810 /* Resources */,
			);
			buildRules = (
			);
			dependencies = (
				04633D5F1BC7103C003B4810 /* PBXTargetDependency */,
			);
			name = FarkleWeekendProjectTests;
			productName = FarkleWeekendProjectTests;
			productReference = 04633D5D1BC7103C003B4810 /* FarkleWeekendProjectTests.xctest */;
			productType = "com.apple.product-type.bundle.unit-test";
		};
		04633D671BC7103C003B4810 /* FarkleWeekendProjectUITests */ = {
			isa = PBXNativeTarget;
			buildConfigurationList = 04633D771BC7103C003B4810 /* Build configuration list for PBXNativeTarget "FarkleWeekendProjectUITests" */;
			buildPhases = (
				04633D641BC7103C003B4810 /* Sources */,
				04633D651BC7103C003B4810 /* Frameworks */,
				04633D661BC7103C003B4810 /* Resources */,
			);
			buildRules = (
			);
			dependencies = (
				04633D6A1BC7103C003B4810 /* PBXTargetDependency */,
			);
			name = FarkleWeekendProjectUITests;
			productName = FarkleWeekendProjectUITests;
			productReference = 04633D681BC7103C003B4810 /* FarkleWeekendProjectUITests.xctest */;
			productType = "com.apple.product-type.bundle.ui-testing";
		};
/* End PBXNativeTarget section */

/* Begin PBXProject section */
		04633D3C1BC7103C003B4810 /* Project object */ = {
			isa = PBXProject;
			attributes = {
				LastUpgradeCheck = 0700;
				ORGANIZATIONNAME = "Mobile Makers";
				TargetAttributes = {
					04633D431BC7103C003B4810 = {
						CreatedOnToolsVersion = 7.0.1;
						DevelopmentTeam = YUYQ7F3X7U;
					};
					04633D5C1BC7103C003B4810 = {
						CreatedOnToolsVersion = 7.0.1;
						TestTargetID = 04633D431BC7103C003B4810;
					};
					04633D671BC7103C003B4810 = {
						CreatedOnToolsVersion = 7.0.1;
						TestTargetID = 04633D431BC7103C003B4810;
					};
				};
			};
			buildConfigurationList = 04633D3F1BC7103C003B4810 /* Build configuration list for PBXProject "FarkleWeekendProject" */;
			compatibilityVersion = "Xcode 3.2";
			developmentRegion = English;
			hasScannedForEncodings = 0;
			knownRegions = (
				en,
				Base,
			);
			mainGroup = 04633D3B1BC7103C003B4810;
			productRefGroup = 04633D451BC7103C003B4810 /* Products */;
			projectDirPath = "";
			projectRoot = "";
			targets = (
				04633D431BC7103C003B4810 /* FarkleWeekendProject */,
				04633D5C1BC7103C003B4810 /* FarkleWeekendProjectTests */,
				04633D671BC7103C003B4810 /* FarkleWeekendProjectUITests */,
			);
		};
/* End PBXProject section */

/* Begin PBXResourcesBuildPhase section */
		04633D421BC7103C003B4810 /* Resources */ = {
			isa = PBXResourcesBuildPhase;
			buildActionMask = 2147483647;
			files = (
				04633D571BC7103C003B4810 /* LaunchScreen.storyboard in Resources */,
				04633D541BC7103C003B4810 /* Assets.xcassets in Resources */,
				04633D521BC7103C003B4810 /* Main.storyboard in Resources */,
			);
			runOnlyForDeploymentPostprocessing = 0;
		};
		04633D5B1BC7103C003B4810 /* Resources */ = {
			isa = PBXResourcesBuildPhase;
			buildActionMask = 2147483647;
			files = (
			);
			runOnlyForDeploymentPostprocessing = 0;
		};
		04633D661BC7103C003B4810 /* Resources */ = {
			isa = PBXResourcesBuildPhase;
			buildActionMask = 2147483647;
			files = (
			);
			runOnlyForDeploymentPostprocessing = 0;
		};
/* End PBXResourcesBuildPhase section */

/* Begin PBXSourcesBuildPhase section */
		04633D401BC7103C003B4810 /* Sources */ = {
			isa = PBXSourcesBuildPhase;
			buildActionMask = 2147483647;
			files = (
				04633D4C1BC7103C003B4810 /* AppDelegate.m in Sources */,
				04633D7C1BC710D5003B4810 /* GameViewController.m in Sources */,
				046B9FE21BC89EA4009B21E5 /* GameModel.m in Sources */,
				04633D491BC7103C003B4810 /* main.m in Sources */,
				046B9FE51BC9A6A4009B21E5 /* Player.m in Sources */,
				04633D821BC73AC7003B4810 /* Button.m in Sources */,
				046B9FE81BCB11E5009B21E5 /* MainMenuViewController.m in Sources */,
			);
			runOnlyForDeploymentPostprocessing = 0;
		};
		04633D591BC7103C003B4810 /* Sources */ = {
			isa = PBXSourcesBuildPhase;
			buildActionMask = 2147483647;
			files = (
				04633D621BC7103C003B4810 /* FarkleWeekendProjectTests.m in Sources */,
			);
			runOnlyForDeploymentPostprocessing = 0;
		};
		04633D641BC7103C003B4810 /* Sources */ = {
			isa = PBXSourcesBuildPhase;
			buildActionMask = 2147483647;
			files = (
				04633D6D1BC7103C003B4810 /* FarkleWeekendProjectUITests.m in Sources */,
			);
			runOnlyForDeploymentPostprocessing = 0;
		};
/* End PBXSourcesBuildPhase section */

/* Begin PBXTargetDependency section */
		04633D5F1BC7103C003B4810 /* PBXTargetDependency */ = {
			isa = PBXTargetDependency;
			target = 04633D431BC7103C003B4810 /* FarkleWeekendProject */;
			targetProxy = 04633D5E1BC7103C003B4810 /* PBXContainerItemProxy */;
		};
		04633D6A1BC7103C003B4810 /* PBXTargetDependency */ = {
			isa = PBXTargetDependency;
			target = 04633D431BC7103C003B4810 /* FarkleWeekendProject */;
			targetProxy = 04633D691BC7103C003B4810 /* PBXContainerItemProxy */;
		};
/* End PBXTargetDependency section */

/* Begin PBXVariantGroup section */
		04633D501BC7103C003B4810 /* Main.storyboard */ = {
			isa = PBXVariantGroup;
			children = (
				04633D511BC7103C003B4810 /* Base */,
			);
			name = Main.storyboard;
			sourceTree = "<group>";
		};
		04633D551BC7103C003B4810 /* LaunchScreen.storyboard */ = {
			isa = PBXVariantGroup;
			children = (
				04633D561BC7103C003B4810 /* Base */,
			);
			name = LaunchScreen.storyboard;
			sourceTree = "<group>";
		};
/* End PBXVariantGroup section */

/* Begin XCBuildConfiguration section */
		04633D6F1BC7103C003B4810 /* Debug */ = {
			isa = XCBuildConfiguration;
			buildSettings = {
				ALWAYS_SEARCH_USER_PATHS = NO;
				CLANG_CXX_LANGUAGE_STANDARD = "gnu++0x";
				CLANG_CXX_LIBRARY = "libc++";
				CLANG_ENABLE_MODULES = YES;
				CLANG_ENABLE_OBJC_ARC = YES;
				CLANG_WARN_BOOL_CONVERSION = YES;
				CLANG_WARN_CONSTANT_CONVERSION = YES;
				CLANG_WARN_DIRECT_OBJC_ISA_USAGE = YES_ERROR;
				CLANG_WARN_EMPTY_BODY = YES;
				CLANG_WARN_ENUM_CONVERSION = YES;
				CLANG_WARN_INT_CONVERSION = YES;
				CLANG_WARN_OBJC_ROOT_CLASS = YES_ERROR;
				CLANG_WARN_UNREACHABLE_CODE = YES;
				CLANG_WARN__DUPLICATE_METHOD_MATCH = YES;
				"CODE_SIGN_IDENTITY[sdk=iphoneos*]" = "iPhone Developer";
				COPY_PHASE_STRIP = NO;
				DEBUG_INFORMATION_FORMAT = dwarf;
				ENABLE_STRICT_OBJC_MSGSEND = YES;
				ENABLE_TESTABILITY = YES;
				GCC_C_LANGUAGE_STANDARD = gnu99;
				GCC_DYNAMIC_NO_PIC = NO;
				GCC_NO_COMMON_BLOCKS = YES;
				GCC_OPTIMIZATION_LEVEL = 0;
				GCC_PREPROCESSOR_DEFINITIONS = (
					"DEBUG=1",
					"$(inherited)",
				);
				GCC_WARN_64_TO_32_BIT_CONVERSION = YES;
				GCC_WARN_ABOUT_RETURN_TYPE = YES_ERROR;
				GCC_WARN_UNDECLARED_SELECTOR = YES;
				GCC_WARN_UNINITIALIZED_AUTOS = YES_AGGRESSIVE;
				GCC_WARN_UNUSED_FUNCTION = YES;
				GCC_WARN_UNUSED_VARIABLE = YES;
				IPHONEOS_DEPLOYMENT_TARGET = 9.0;
				MTL_ENABLE_DEBUG_INFO = YES;
				ONLY_ACTIVE_ARCH = YES;
				SDKROOT = iphoneos;
			};
			name = Debug;
		};
		04633D701BC7103C003B4810 /* Release */ = {
			isa = XCBuildConfiguration;
			buildSettings = {
				ALWAYS_SEARCH_USER_PATHS = NO;
				CLANG_CXX_LANGUAGE_STANDARD = "gnu++0x";
				CLANG_CXX_LIBRARY = "libc++";
				CLANG_ENABLE_MODULES = YES;
				CLANG_ENABLE_OBJC_ARC = YES;
				CLANG_WARN_BOOL_CONVERSION = YES;
				CLANG_WARN_CONSTANT_CONVERSION = YES;
				CLANG_WARN_DIRECT_OBJC_ISA_USAGE = YES_ERROR;
				CLANG_WARN_EMPTY_BODY = YES;
				CLANG_WARN_ENUM_CONVERSION = YES;
				CLANG_WARN_INT_CONVERSION = YES;
				CLANG_WARN_OBJC_ROOT_CLASS = YES_ERROR;
				CLANG_WARN_UNREACHABLE_CODE = YES;
				CLANG_WARN__DUPLICATE_METHOD_MATCH = YES;
				"CODE_SIGN_IDENTITY[sdk=iphoneos*]" = "iPhone Developer";
				COPY_PHASE_STRIP = NO;
				DEBUG_INFORMATION_FORMAT = "dwarf-with-dsym";
				ENABLE_NS_ASSERTIONS = NO;
				ENABLE_STRICT_OBJC_MSGSEND = YES;
				GCC_C_LANGUAGE_STANDARD = gnu99;
				GCC_NO_COMMON_BLOCKS = YES;
				GCC_WARN_64_TO_32_BIT_CONVERSION = YES;
				GCC_WARN_ABOUT_RETURN_TYPE = YES_ERROR;
				GCC_WARN_UNDECLARED_SELECTOR = YES;
				GCC_WARN_UNINITIALIZED_AUTOS = YES_AGGRESSIVE;
				GCC_WARN_UNUSED_FUNCTION = YES;
				GCC_WARN_UNUSED_VARIABLE = YES;
				IPHONEOS_DEPLOYMENT_TARGET = 9.0;
				MTL_ENABLE_DEBUG_INFO = NO;
				SDKROOT = iphoneos;
				VALIDATE_PRODUCT = YES;
			};
			name = Release;
		};
		04633D721BC7103C003B4810 /* Debug */ = {
			isa = XCBuildConfiguration;
			buildSettings = {
				ASSETCATALOG_COMPILER_APPICON_NAME = AppIcon;
				CODE_SIGN_IDENTITY = "iPhone Developer";
				"CODE_SIGN_IDENTITY[sdk=iphoneos*]" = "iPhone Developer";
				INFOPLIST_FILE = FarkleWeekendProject/Info.plist;
				LD_RUNPATH_SEARCH_PATHS = "$(inherited) @executable_path/Frameworks";
				PRODUCT_BUNDLE_IDENTIFIER = mobilemakers.FarkleWeekendProject;
				PRODUCT_NAME = "$(TARGET_NAME)";
				PROVISIONING_PROFILE = "";
			};
			name = Debug;
		};
		04633D731BC7103C003B4810 /* Release */ = {
			isa = XCBuildConfiguration;
			buildSettings = {
				ASSETCATALOG_COMPILER_APPICON_NAME = AppIcon;
				CODE_SIGN_IDENTITY = "iPhone Developer";
				"CODE_SIGN_IDENTITY[sdk=iphoneos*]" = "iPhone Developer";
				INFOPLIST_FILE = FarkleWeekendProject/Info.plist;
				LD_RUNPATH_SEARCH_PATHS = "$(inherited) @executable_path/Frameworks";
				PRODUCT_BUNDLE_IDENTIFIER = mobilemakers.FarkleWeekendProject;
				PRODUCT_NAME = "$(TARGET_NAME)";
				PROVISIONING_PROFILE = "";
			};
			name = Release;
		};
		04633D751BC7103C003B4810 /* Debug */ = {
			isa = XCBuildConfiguration;
			buildSettings = {
				BUNDLE_LOADER = "$(TEST_HOST)";
				INFOPLIST_FILE = FarkleWeekendProjectTests/Info.plist;
				LD_RUNPATH_SEARCH_PATHS = "$(inherited) @executable_path/Frameworks @loader_path/Frameworks";
				PRODUCT_BUNDLE_IDENTIFIER = mobilemakers.FarkleWeekendProjectTests;
				PRODUCT_NAME = "$(TARGET_NAME)";
				TEST_HOST = "$(BUILT_PRODUCTS_DIR)/FarkleWeekendProject.app/FarkleWeekendProject";
			};
			name = Debug;
		};
		04633D761BC7103C003B4810 /* Release */ = {
			isa = XCBuildConfiguration;
			buildSettings = {
				BUNDLE_LOADER = "$(TEST_HOST)";
				INFOPLIST_FILE = FarkleWeekendProjectTests/Info.plist;
				LD_RUNPATH_SEARCH_PATHS = "$(inherited) @executable_path/Frameworks @loader_path/Frameworks";
				PRODUCT_BUNDLE_IDENTIFIER = mobilemakers.FarkleWeekendProjectTests;
				PRODUCT_NAME = "$(TARGET_NAME)";
				TEST_HOST = "$(BUILT_PRODUCTS_DIR)/FarkleWeekendProject.app/FarkleWeekendProject";
			};
			name = Release;
		};
		04633D781BC7103C003B4810 /* Debug */ = {
			isa = XCBuildConfiguration;
			buildSettings = {
				INFOPLIST_FILE = FarkleWeekendProjectUITests/Info.plist;
				LD_RUNPATH_SEARCH_PATHS = "$(inherited) @executable_path/Frameworks @loader_path/Frameworks";
				PRODUCT_BUNDLE_IDENTIFIER = mobilemakers.FarkleWeekendProjectUITests;
				PRODUCT_NAME = "$(TARGET_NAME)";
				TEST_TARGET_NAME = FarkleWeekendProject;
				USES_XCTRUNNER = YES;
			};
			name = Debug;
		};
		04633D791BC7103C003B4810 /* Release */ = {
			isa = XCBuildConfiguration;
			buildSettings = {
				INFOPLIST_FILE = FarkleWeekendProjectUITests/Info.plist;
				LD_RUNPATH_SEARCH_PATHS = "$(inherited) @executable_path/Frameworks @loader_path/Frameworks";
				PRODUCT_BUNDLE_IDENTIFIER = mobilemakers.FarkleWeekendProjectUITests;
				PRODUCT_NAME = "$(TARGET_NAME)";
				TEST_TARGET_NAME = FarkleWeekendProject;
				USES_XCTRUNNER = YES;
			};
			name = Release;
		};
/* End XCBuildConfiguration section */

/* Begin XCConfigurationList section */
		04633D3F1BC7103C003B4810 /* Build configuration list for PBXProject "FarkleWeekendProject" */ = {
			isa = XCConfigurationList;
			buildConfigurations = (
				04633D6F1BC7103C003B4810 /* Debug */,
				04633D701BC7103C003B4810 /* Release */,
			);
			defaultConfigurationIsVisible = 0;
			defaultConfigurationName = Release;
		};
		04633D711BC7103C003B4810 /* Build configuration list for PBXNativeTarget "FarkleWeekendProject" */ = {
			isa = XCConfigurationList;
			buildConfigurations = (
				04633D721BC7103C003B4810 /* Debug */,
				04633D731BC7103C003B4810 /* Release */,
			);
			defaultConfigurationIsVisible = 0;
			defaultConfigurationName = Release;
		};
		04633D741BC7103C003B4810 /* Build configuration list for PBXNativeTarget "FarkleWeekendProjectTests" */ = {
			isa = XCConfigurationList;
			buildConfigurations = (
				04633D751BC7103C003B4810 /* Debug */,
				04633D761BC7103C003B4810 /* Release */,
			);
			defaultConfigurationIsVisible = 0;
			defaultConfigurationName = Release;
		};
		04633D771BC7103C003B4810 /* Build configuration list for PBXNativeTarget "FarkleWeekendProjectUITests" */ = {
			isa = XCConfigurationList;
			buildConfigurations = (
				04633D781BC7103C003B4810 /* Debug */,
				04633D791BC7103C003B4810 /* Release */,
			);
			defaultConfigurationIsVisible = 0;
			defaultConfigurationName = Release;
		};
/* End XCConfigurationList section */
	};
	rootObject = 04633D3C1BC7103C003B4810 /* Project object */;
}
